{
    "name": "gitbook-plugin-sitemap",
    "version": "1.2.0",
    "lockfileVersion": 1,
    "requires": true,
    "dependencies": {
        "@types/node": {
            "version": "15.14.9",
            "resolved": "https://registry.npmjs.org/@types/node/-/node-15.14.9.tgz",
            "integrity": "sha512-qjd88DrCxupx/kJD5yQgZdcYKZKSIGBVDIBE1/LTGcNm3d2Np/jxojkdePDdfnBHJc5W7vSMpbJ1aB7p/Py69A=="
        },
        "@types/sax": {
            "version": "1.2.3",
            "resolved": "https://registry.npmjs.org/@types/sax/-/sax-1.2.3.tgz",
            "integrity": "sha512-+QSw6Tqvs/KQpZX8DvIl3hZSjNFLW/OqE5nlyHXtTwODaJvioN2rOWpBNEWZp2HZUFhOh+VohmJku/WxEXU2XA==",
            "requires": {
                "@types/node": "*"
            }
        },
        "arg": {
            "version": "5.0.1",
            "resolved": "https://registry.npmjs.org/arg/-/arg-5.0.1.tgz",
            "integrity": "sha512-e0hDa9H2Z9AwFkk2qDlwhoMYE4eToKarchkQHovNdLTCYMHZHeRjI71crOh+dio4K6u1IcwubQqo79Ga4CyAQA=="
        },
        "sax": {
            "version": "1.2.4",
            "resolved": "https://registry.npmjs.org/sax/-/sax-1.2.4.tgz",
            "integrity": "sha512-NqVDv9TpANUjFm0N8uM5GxL36UgKi9/atZw+x7YFnQ8ckwFGKrl4xX4yWtrey3UJm5nP1kUbnYgLopqWNSRhWw=="
        },
        "sitemap": {
            "version": "7.0.0",
            "resolved": "https://registry.npmjs.org/sitemap/-/sitemap-7.0.0.tgz",
            "integrity": "sha512-Ud0jrRQO2k7fEtPAM+cQkBKoMvxQyPKNXKDLn8tRVHxRCsdDQ2JZvw+aZ5IRYYQVAV9iGxEar6boTwZzev+x3g==",
            "requires": {
                "@types/node": "^15.0.1",
                "@types/sax": "^1.2.1",
                "arg": "^5.0.0",
                "sax": "^1.2.4"
            }
        }
    }
}
